
Microsoft Visual Studio Solution File, Format Version 12.00
# Visual Studio Version 17
VisualStudioVersion = 17.1.32210.238
MinimumVisualStudioVersion = 10.0.40219.1
Project("{FAE04EC0-301F-11D3-BF4B-00C04F79EFBC}") = "HelloWorld", "HelloWorld\HelloWorld.csproj", "{1AA75F25-6D73-4E1B-9060-17AF8AC4DD05}"
EndProject
Project("{FAE04EC0-301F-11D3-BF4B-00C04F79EFBC}") = "Variables", "Variables\Variables.csproj", "{DC1CB9A9-8C09-4995-B525-64BCCD359894}"
EndProject
Project("{FAE04EC0-301F-11D3-BF4B-00C04F79EFBC}") = "UserInput", "UserInput\UserInput.csproj", "{33EE6820-6E0C-488F-8BB0-D626FA7A19F3}"
EndProject
Project("{FAE04EC0-301F-11D3-BF4B-00C04F79EFBC}") = "Operators", "Operators\Operators.csproj", "{EBFD8C51-EFF8-4904-8947-2AC9F06C8B79}"
EndProject
Project("{FAE04EC0-301F-11D3-BF4B-00C04F79EFBC}") = "Math", "Math\Math.csproj", "{5ECB0A0F-4A1B-428F-B860-3AACF3EB66F2}"
EndProject
Project("{FAE04EC0-301F-11D3-BF4B-00C04F79EFBC}") = "String", "String\String.csproj", "{FDCDF665-F3E1-4759-A098-76F7AD83AF8F}"
EndProject
Project("{FAE04EC0-301F-11D3-BF4B-00C04F79EFBC}") = "Booleans", "Booleans\Booleans.csproj", "{79ADAA91-406C-4130-BB0C-CDCBD0402944}"
EndProject
Project("{FAE04EC0-301F-11D3-BF4B-00C04F79EFBC}") = "If-else", "If-else\If-else.csproj", "{A58AF220-9989-4F1D-837C-480D93F698B4}"
EndProject
Project("{FAE04EC0-301F-11D3-BF4B-00C04F79EFBC}") = "SwitchCase", "SwitchCase\SwitchCase.csproj", "{0EFA56A0-0D38-457D-9314-2336B46F788B}"
EndProject
Project("{FAE04EC0-301F-11D3-BF4B-00C04F79EFBC}") = "Loop", "Loop\Loop.csproj", "{5F30D4F3-A559-46E3-9373-83EB0602BFFD}"
EndProject
Project("{FAE04EC0-301F-11D3-BF4B-00C04F79EFBC}") = "ArrayK", "ArrayK\ArrayK.csproj", "{03F975F5-5FD2-4035-A811-E6288B3D6D4D}"
EndProject
Project("{FAE04EC0-301F-11D3-BF4B-00C04F79EFBC}") = "Method", "Method\Method.csproj", "{A3507FDC-BDE3-4E8E-BB2B-1056580B60E2}"
EndProject
Global
	GlobalSection(SolutionConfigurationPlatforms) = preSolution
		Debug|Any CPU = Debug|Any CPU
		Release|Any CPU = Release|Any CPU
	EndGlobalSection
	GlobalSection(ProjectConfigurationPlatforms) = postSolution
		{1AA75F25-6D73-4E1B-9060-17AF8AC4DD05}.Debug|Any CPU.ActiveCfg = Debug|Any CPU
		{1AA75F25-6D73-4E1B-9060-17AF8AC4DD05}.Debug|Any CPU.Build.0 = Debug|Any CPU
		{1AA75F25-6D73-4E1B-9060-17AF8AC4DD05}.Release|Any CPU.ActiveCfg = Release|Any CPU
		{1AA75F25-6D73-4E1B-9060-17AF8AC4DD05}.Release|Any CPU.Build.0 = Release|Any CPU
		{DC1CB9A9-8C09-4995-B525-64BCCD359894}.Debug|Any CPU.ActiveCfg = Debug|Any CPU
		{DC1CB9A9-8C09-4995-B525-64BCCD359894}.Debug|Any CPU.Build.0 = Debug|Any CPU
		{DC1CB9A9-8C09-4995-B525-64BCCD359894}.Release|Any CPU.ActiveCfg = Release|Any CPU
		{DC1CB9A9-8C09-4995-B525-64BCCD359894}.Release|Any CPU.Build.0 = Release|Any CPU
		{33EE6820-6E0C-488F-8BB0-D626FA7A19F3}.Debug|Any CPU.ActiveCfg = Debug|Any CPU
		{33EE6820-6E0C-488F-8BB0-D626FA7A19F3}.Debug|Any CPU.Build.0 = Debug|Any CPU
		{33EE6820-6E0C-488F-8BB0-D626FA7A19F3}.Release|Any CPU.ActiveCfg = Release|Any CPU
		{33EE6820-6E0C-488F-8BB0-D626FA7A19F3}.Release|Any CPU.Build.0 = Release|Any CPU
		{EBFD8C51-EFF8-4904-8947-2AC9F06C8B79}.Debug|Any CPU.ActiveCfg = Debug|Any CPU
		{EBFD8C51-EFF8-4904-8947-2AC9F06C8B79}.Debug|Any CPU.Build.0 = Debug|Any CPU
		{EBFD8C51-EFF8-4904-8947-2AC9F06C8B79}.Release|Any CPU.ActiveCfg = Release|Any CPU
		{EBFD8C51-EFF8-4904-8947-2AC9F06C8B79}.Release|Any CPU.Build.0 = Release|Any CPU
		{5ECB0A0F-4A1B-428F-B860-3AACF3EB66F2}.Debug|Any CPU.ActiveCfg = Debug|Any CPU
		{5ECB0A0F-4A1B-428F-B860-3AACF3EB66F2}.Debug|Any CPU.Build.0 = Debug|Any CPU
		{5ECB0A0F-4A1B-428F-B860-3AACF3EB66F2}.Release|Any CPU.ActiveCfg = Release|Any CPU
		{5ECB0A0F-4A1B-428F-B860-3AACF3EB66F2}.Release|Any CPU.Build.0 = Release|Any CPU
		{FDCDF665-F3E1-4759-A098-76F7AD83AF8F}.Debug|Any CPU.ActiveCfg = Debug|Any CPU
		{FDCDF665-F3E1-4759-A098-76F7AD83AF8F}.Debug|Any CPU.Build.0 = Debug|Any CPU
		{FDCDF665-F3E1-4759-A098-76F7AD83AF8F}.Release|Any CPU.ActiveCfg = Release|Any CPU
		{FDCDF665-F3E1-4759-A098-76F7AD83AF8F}.Release|Any CPU.Build.0 = Release|Any CPU
		{79ADAA91-406C-4130-BB0C-CDCBD0402944}.Debug|Any CPU.ActiveCfg = Debug|Any CPU
		{79ADAA91-406C-4130-BB0C-CDCBD0402944}.Debug|Any CPU.Build.0 = Debug|Any CPU
		{79ADAA91-406C-4130-BB0C-CDCBD0402944}.Release|Any CPU.ActiveCfg = Release|Any CPU
		{79ADAA91-406C-4130-BB0C-CDCBD0402944}.Release|Any CPU.Build.0 = Release|Any CPU
		{A58AF220-9989-4F1D-837C-480D93F698B4}.Debug|Any CPU.ActiveCfg = Debug|Any CPU
		{A58AF220-9989-4F1D-837C-480D93F698B4}.Debug|Any CPU.Build.0 = Debug|Any CPU
		{A58AF220-9989-4F1D-837C-480D93F698B4}.Release|Any CPU.ActiveCfg = Release|Any CPU
		{A58AF220-9989-4F1D-837C-480D93F698B4}.Release|Any CPU.Build.0 = Release|Any CPU
		{0EFA56A0-0D38-457D-9314-2336B46F788B}.Debug|Any CPU.ActiveCfg = Debug|Any CPU
		{0EFA56A0-0D38-457D-9314-2336B46F788B}.Debug|Any CPU.Build.0 = Debug|Any CPU
		{0EFA56A0-0D38-457D-9314-2336B46F788B}.Release|Any CPU.ActiveCfg = Release|Any CPU
		{0EFA56A0-0D38-457D-9314-2336B46F788B}.Release|Any CPU.Build.0 = Release|Any CPU
		{5F30D4F3-A559-46E3-9373-83EB0602BFFD}.Debug|Any CPU.ActiveCfg = Debug|Any CPU
		{5F30D4F3-A559-46E3-9373-83EB0602BFFD}.Debug|Any CPU.Build.0 = Debug|Any CPU
		{5F30D4F3-A559-46E3-9373-83EB0602BFFD}.Release|Any CPU.ActiveCfg = Release|Any CPU
		{5F30D4F3-A559-46E3-9373-83EB0602BFFD}.Release|Any CPU.Build.0 = Release|Any CPU
		{03F975F5-5FD2-4035-A811-E6288B3D6D4D}.Debug|Any CPU.ActiveCfg = Debug|Any CPU
		{03F975F5-5FD2-4035-A811-E6288B3D6D4D}.Debug|Any CPU.Build.0 = Debug|Any CPU
		{03F975F5-5FD2-4035-A811-E6288B3D6D4D}.Release|Any CPU.ActiveCfg = Release|Any CPU
		{03F975F5-5FD2-4035-A811-E6288B3D6D4D}.Release|Any CPU.Build.0 = Release|Any CPU
		{A3507FDC-BDE3-4E8E-BB2B-1056580B60E2}.Debug|Any CPU.ActiveCfg = Debug|Any CPU
		{A3507FDC-BDE3-4E8E-BB2B-1056580B60E2}.Debug|Any CPU.Build.0 = Debug|Any CPU
		{A3507FDC-BDE3-4E8E-BB2B-1056580B60E2}.Release|Any CPU.ActiveCfg = Release|Any CPU
		{A3507FDC-BDE3-4E8E-BB2B-1056580B60E2}.Release|Any CPU.Build.0 = Release|Any CPU
	EndGlobalSection
	GlobalSection(SolutionProperties) = preSolution
		HideSolutionNode = FALSE
	EndGlobalSection
	GlobalSection(ExtensibilityGlobals) = postSolution
		SolutionGuid = {882EB474-548D-4032-94F3-50DBB42E7C72}
	EndGlobalSection
EndGlobal
